
Microsoft Visual Studio Solution File, Format Version 12.00
# Visual Studio Version 16
VisualStudioVersion = 16.0.30011.22
MinimumVisualStudioVersion = 10.0.40219.1
Project("{FAE04EC0-301F-11D3-BF4B-00C04F79EFBC}") = "HW_12", "HW_12\HW_12.csproj", "{B6016974-0A4D-4E13-84EB-35CC24651FA0}"
EndProject
Global
	GlobalSection(SolutionConfigurationPlatforms) = preSolution
		Debug|Any CPU = Debug|Any CPU
		Release|Any CPU = Release|Any CPU
	EndGlobalSection
	GlobalSection(ProjectConfigurationPlatforms) = postSolution
		{B6016974-0A4D-4E13-84EB-35CC24651FA0}.Debug|Any CPU.ActiveCfg = Debug|Any CPU
		{B6016974-0A4D-4E13-84EB-35CC24651FA0}.Debug|Any CPU.Build.0 = Debug|Any CPU
		{B6016974-0A4D-4E13-84EB-35CC24651FA0}.Release|Any CPU.ActiveCfg = Release|Any CPU
		{B6016974-0A4D-4E13-84EB-35CC24651FA0}.Release|Any CPU.Build.0 = Release|Any CPU
	EndGlobalSection
	GlobalSection(SolutionProperties) = preSolution
		HideSolutionNode = FALSE
	EndGlobalSection
	GlobalSection(ExtensibilityGlobals) = postSolution
		SolutionGuid = {8CF94AD6-0270-428F-B698-8411A4C738F0}
	EndGlobalSection
EndGlobal
